
Microsoft Visual Studio Solution File, Format Version 12.00
# Visual Studio Version 17
VisualStudioVersion = 17.5.33530.505
MinimumVisualStudioVersion = 10.0.40219.1
Project("{9A19103F-16F7-4668-BE54-9A1E7A4F7556}") = "TerritorialHQ-APIS", "TerritorialHQ-APIS\TerritorialHQ-APIS.csproj", "{B56DFF75-597C-45EC-BF9D-79E862C84160}"
EndProject
Global
	GlobalSection(SolutionConfigurationPlatforms) = preSolution
		Debug|Any CPU = Debug|Any CPU
		Release|Any CPU = Release|Any CPU
	EndGlobalSection
	GlobalSection(ProjectConfigurationPlatforms) = postSolution
		{B56DFF75-597C-45EC-BF9D-79E862C84160}.Debug|Any CPU.ActiveCfg = Debug|Any CPU
		{B56DFF75-597C-45EC-BF9D-79E862C84160}.Debug|Any CPU.Build.0 = Debug|Any CPU
		{B56DFF75-597C-45EC-BF9D-79E862C84160}.Release|Any CPU.ActiveCfg = Release|Any CPU
		{B56DFF75-597C-45EC-BF9D-79E862C84160}.Release|Any CPU.Build.0 = Release|Any CPU
	EndGlobalSection
	GlobalSection(SolutionProperties) = preSolution
		HideSolutionNode = FALSE
	EndGlobalSection
	GlobalSection(ExtensibilityGlobals) = postSolution
		SolutionGuid = {1A250089-436B-48B8-A204-6A15E19145DF}
	EndGlobalSection
EndGlobal
