
Microsoft Visual Studio Solution File, Format Version 12.00
# Visual Studio Version 17
VisualStudioVersion = 17.5.33530.505
MinimumVisualStudioVersion = 10.0.40219.1
Project("{9A19103F-16F7-4668-BE54-9A1E7A4F7556}") = "TerritorialHQ", "TerritorialHQ\TerritorialHQ.csproj", "{FFE67C8B-F3E1-40BA-8C0C-9EC07F709F41}"
EndProject
Global
	GlobalSection(SolutionConfigurationPlatforms) = preSolution
		Debug|Any CPU = Debug|Any CPU
		Release|Any CPU = Release|Any CPU
	EndGlobalSection
	GlobalSection(ProjectConfigurationPlatforms) = postSolution
		{FFE67C8B-F3E1-40BA-8C0C-9EC07F709F41}.Debug|Any CPU.ActiveCfg = Debug|Any CPU
		{FFE67C8B-F3E1-40BA-8C0C-9EC07F709F41}.Debug|Any CPU.Build.0 = Debug|Any CPU
		{FFE67C8B-F3E1-40BA-8C0C-9EC07F709F41}.Release|Any CPU.ActiveCfg = Release|Any CPU
		{FFE67C8B-F3E1-40BA-8C0C-9EC07F709F41}.Release|Any CPU.Build.0 = Release|Any CPU
	EndGlobalSection
	GlobalSection(SolutionProperties) = preSolution
		HideSolutionNode = FALSE
	EndGlobalSection
	GlobalSection(ExtensibilityGlobals) = postSolution
		SolutionGuid = {3891C7AD-1028-4053-85C2-858763D9EB10}
	EndGlobalSection
EndGlobal
